{
  "name": "mt",
  "version": "1.0.0",
  "lockfileVersion": 2,
  "requires": true,
  "packages": {
    "": {
      "name": "mt",
      "version": "1.0.0",
      "license": "MIT",
      "dependencies": {
        "@alicloud/alimt20181012": "^1.0.3",
        "@alicloud/openapi-client": "^0.3.8"
      },
      "devDependencies": {
        "typescript": "~4.7.4"
      }
    },
    "node_modules/@alicloud/alimt20181012": {
      "version": "1.1.0",
      "resolved": "https://registry.npmjs.org/@alicloud/alimt20181012/-/alimt20181012-1.1.0.tgz",
      "integrity": "sha512-Puu0yGn1sQI20P1XNGw2ST0+PP5mG5UVZW+wOPKcNHL6k6xoIOfxDMPal/YNGs0NMLsxgQGSrDj5IB4GL+FqgQ==",
      "dependencies": {
        "@alicloud/endpoint-util": "^0.0.1",
        "@alicloud/openapi-client": "^0.4.4",
        "@alicloud/openapi-util": "^0.3.1",
        "@alicloud/openplatform20191219": "2.0.0",
        "@alicloud/oss-client": "^1.1.2",
        "@alicloud/oss-util": "0.0.1",
        "@alicloud/tea-fileform": "^1.0.0",
        "@alicloud/tea-typescript": "^1.7.1",
        "@alicloud/tea-util": "^1.4.5"
      }
    },
    "node_modules/@alicloud/alimt20181012/node_modules/@alicloud/openapi-client": {
      "version": "0.4.6",
      "resolved": "https://registry.npmjs.org/@alicloud/openapi-client/-/openapi-client-0.4.6.tgz",
      "integrity": "sha512-cyhUQOJehLRslHy2l+lsginiyXdzfV7yF7b9EJcxzGG7zHAEX0XF3OJvfo13n7WgiqCzt9suQBatJz7b5F+14A==",
      "dependencies": {
        "@alicloud/credentials": "^2",
        "@alicloud/gateway-spi": "^0.0.8",
        "@alicloud/openapi-util": "^0.3.1",
        "@alicloud/tea-typescript": "^1.7.1",
        "@alicloud/tea-util": "^1.4.5",
        "@alicloud/tea-xml": "0.0.2"
      }
    },
    "node_modules/@alicloud/alimt20181012/node_modules/@alicloud/tea-xml": {
      "version": "0.0.2",
      "resolved": "https://registry.npmjs.org/@alicloud/tea-xml/-/tea-xml-0.0.2.tgz",
      "integrity": "sha512-Xs7v5y7YSNSDDYmiDWAC0/013VWPjS3dQU4KezSLva9VGiTVPaL3S7Nk4NrTmAYCG6MKcrRj/nGEDIWL5KRoPg==",
      "dependencies": {
        "@alicloud/tea-typescript": "^1",
        "@types/xml2js": "^0.4.5",
        "xml2js": "^0.4.22"
      }
    },
    "node_modules/@alicloud/credentials": {
      "version": "2.2.6",
      "resolved": "https://registry.npmjs.org/@alicloud/credentials/-/credentials-2.2.6.tgz",
      "integrity": "sha512-jG+msY77dHmAF3x+8VTy7fEgORyXLHmDci8t92HeipBdCHsPptDegA++GEwKgR7f6G4wvafYt+aqMZ1iligdrQ==",
      "dependencies": {
        "@alicloud/tea-typescript": "^1.5.3",
        "httpx": "^2.2.0",
        "ini": "^1.3.5",
        "kitx": "^2.0.0"
      }
    },
    "node_modules/@alicloud/endpoint-util": {
      "version": "0.0.1",
      "resolved": "https://registry.npmjs.org/@alicloud/endpoint-util/-/endpoint-util-0.0.1.tgz",
      "integrity": "sha512-+pH7/KEXup84cHzIL6UJAaPqETvln4yXlD9JzlrqioyCSaWxbug5FUobsiI6fuUOpw5WwoB3fWAtGbFnJ1K3Yg==",
      "dependencies": {
        "@alicloud/tea-typescript": "^1.5.1",
        "kitx": "^2.0.0"
      }
    },
    "node_modules/@alicloud/gateway-spi": {
      "version": "0.0.8",
      "resolved": "https://registry.npmjs.org/@alicloud/gateway-spi/-/gateway-spi-0.0.8.tgz",
      "integrity": "sha512-KM7fu5asjxZPmrz9sJGHJeSU+cNQNOxW+SFmgmAIrITui5hXL2LB+KNRuzWmlwPjnuA2X3/keq9h6++S9jcV5g==",
      "dependencies": {
        "@alicloud/credentials": "^2",
        "@alicloud/tea-typescript": "^1.7.1"
      }
    },
    "node_modules/@alicloud/http-core-sdk": {
      "version": "1.0.0",
      "resolved": "https://registry.npmjs.org/@alicloud/http-core-sdk/-/http-core-sdk-1.0.0.tgz",
      "integrity": "sha512-ZODX85jwCf63Fmzj+pYZq85z8+SZzNg/FL+oW1/L/sRM8oj70+1+pdG0RHynAxBXkjNYt4eLIPrBvIEeVfx+LQ==",
      "dependencies": {
        "httpx": "^2.1.3"
      }
    },
    "node_modules/@alicloud/openapi-client": {
      "version": "0.3.8",
      "resolved": "https://registry.npmjs.org/@alicloud/openapi-client/-/openapi-client-0.3.8.tgz",
      "integrity": "sha512-QuvK6MJtQejSOfUnsEUtdM5AYA8Ww9kV79VO1st5sFPYQWV4R8NXm2yr40Jq4UQmKN2ydlRfbys3ACJDocVfqQ==",
      "dependencies": {
        "@alicloud/credentials": "^2",
        "@alicloud/openapi-util": "^0.2.4",
        "@alicloud/tea-typescript": "^1.7.1",
        "@alicloud/tea-util": "^1.4.0"
      }
    },
    "node_modules/@alicloud/openapi-client/node_modules/@alicloud/openapi-util": {
      "version": "0.2.9",
      "resolved": "https://registry.npmjs.org/@alicloud/openapi-util/-/openapi-util-0.2.9.tgz",
      "integrity": "sha512-GUEYtX3lDv+WaZoDFCb0h9aZ8+IlajnSAxSHjiITbNtjCpZbA/vfd7Z/ST9YaPoT34nGqDNKiQTjqpLhaKtYBw==",
      "dependencies": {
        "@alicloud/tea-typescript": "^1.7.1",
        "@alicloud/tea-util": "^1.3.0",
        "kitx": "^2.1.0",
        "sm3": "^1.0.3"
      }
    },
    "node_modules/@alicloud/openapi-util": {
      "version": "0.3.1",
      "resolved": "https://registry.npmjs.org/@alicloud/openapi-util/-/openapi-util-0.3.1.tgz",
      "integrity": "sha512-6mGT+hs+SXismZi/CEkjPhhbn2U3qTT/Qv/RXAYFA1DC3Jk4/YaX3N7RtpgdzOhdD7uI8XtNkaULKHZY3BrtxQ==",
      "dependencies": {
        "@alicloud/tea-typescript": "^1.7.1",
        "@alicloud/tea-util": "^1.3.0",
        "kitx": "^2.1.0",
        "sm3": "^1.0.3"
      }
    },
    "node_modules/@alicloud/openplatform20191219": {
      "version": "2.0.0",
      "resolved": "https://registry.npmjs.org/@alicloud/openplatform20191219/-/openplatform20191219-2.0.0.tgz",
      "integrity": "sha512-x2o725mfNTML1rCoabrQ/9QIL7lnNGf1QsLV/7AH7IWp3tGLKKOQc7RyXIuU3E699lvF8dNsK3fZL6knjaKenA==",
      "dependencies": {
        "@alicloud/endpoint-util": "^0.0.1",
        "@alicloud/openapi-client": "^0.4.1",
        "@alicloud/openapi-util": "^0.2.9",
        "@alicloud/tea-typescript": "^1.7.1",
        "@alicloud/tea-util": "^1.4.4"
      }
    },
    "node_modules/@alicloud/openplatform20191219/node_modules/@alicloud/openapi-client": {
      "version": "0.4.6",
      "resolved": "https://registry.npmjs.org/@alicloud/openapi-client/-/openapi-client-0.4.6.tgz",
      "integrity": "sha512-cyhUQOJehLRslHy2l+lsginiyXdzfV7yF7b9EJcxzGG7zHAEX0XF3OJvfo13n7WgiqCzt9suQBatJz7b5F+14A==",
      "dependencies": {
        "@alicloud/credentials": "^2",
        "@alicloud/gateway-spi": "^0.0.8",
        "@alicloud/openapi-util": "^0.3.1",
        "@alicloud/tea-typescript": "^1.7.1",
        "@alicloud/tea-util": "^1.4.5",
        "@alicloud/tea-xml": "0.0.2"
      }
    },
    "node_modules/@alicloud/openplatform20191219/node_modules/@alicloud/openapi-client/node_modules/@alicloud/openapi-util": {
      "version": "0.3.1",
      "resolved": "https://registry.npmjs.org/@alicloud/openapi-util/-/openapi-util-0.3.1.tgz",
      "integrity": "sha512-6mGT+hs+SXismZi/CEkjPhhbn2U3qTT/Qv/RXAYFA1DC3Jk4/YaX3N7RtpgdzOhdD7uI8XtNkaULKHZY3BrtxQ==",
      "dependencies": {
        "@alicloud/tea-typescript": "^1.7.1",
        "@alicloud/tea-util": "^1.3.0",
        "kitx": "^2.1.0",
        "sm3": "^1.0.3"
      }
    },
    "node_modules/@alicloud/openplatform20191219/node_modules/@alicloud/openapi-util": {
      "version": "0.2.9",
      "resolved": "https://registry.npmjs.org/@alicloud/openapi-util/-/openapi-util-0.2.9.tgz",
      "integrity": "sha512-GUEYtX3lDv+WaZoDFCb0h9aZ8+IlajnSAxSHjiITbNtjCpZbA/vfd7Z/ST9YaPoT34nGqDNKiQTjqpLhaKtYBw==",
      "dependencies": {
        "@alicloud/tea-typescript": "^1.7.1",
        "@alicloud/tea-util": "^1.3.0",
        "kitx": "^2.1.0",
        "sm3": "^1.0.3"
      }
    },
    "node_modules/@alicloud/openplatform20191219/node_modules/@alicloud/tea-xml": {
      "version": "0.0.2",
      "resolved": "https://registry.npmjs.org/@alicloud/tea-xml/-/tea-xml-0.0.2.tgz",
      "integrity": "sha512-Xs7v5y7YSNSDDYmiDWAC0/013VWPjS3dQU4KezSLva9VGiTVPaL3S7Nk4NrTmAYCG6MKcrRj/nGEDIWL5KRoPg==",
      "dependencies": {
        "@alicloud/tea-typescript": "^1",
        "@types/xml2js": "^0.4.5",
        "xml2js": "^0.4.22"
      }
    },
    "node_modules/@alicloud/oss-baseclient": {
      "version": "1.2.0",
      "resolved": "https://registry.npmjs.org/@alicloud/oss-baseclient/-/oss-baseclient-1.2.0.tgz",
      "integrity": "sha512-4K5sQTd7rCLfk+DbwIKEbISWKKGlso9bBz1qzZkDBG6OGvLjwh36/2BK2O9omvXMUVzpj7jrJSkFU/oWZY4zEQ==",
      "dependencies": {
        "@alicloud/credentials": "^1.0.0",
        "@alicloud/tea-typescript": "^1.5.0",
        "@types/mime": "^2.0.1",
        "@types/xml2js": "^0.4.5",
        "int64-buffer": "^0.99.1007",
        "kitx": "^2.0.0",
        "mime": "^2.4.4",
        "xml2js": "^0.4.22"
      }
    },
    "node_modules/@alicloud/oss-baseclient/node_modules/@alicloud/credentials": {
      "version": "1.1.0",
      "resolved": "https://registry.npmjs.org/@alicloud/credentials/-/credentials-1.1.0.tgz",
      "integrity": "sha512-sCZjWWvOCJW/jkBBas6PJsofF0m3xxU0Yhq45rxs18IiHUsHqGeo1DqG4zkHToAuE689hA/GjFivtO6NOmJWHw==",
      "dependencies": {
        "@alicloud/sts-sdk": "^1.0.0",
        "httpx": "^2.2.0",
        "ini": "^1.3.5",
        "json-bigint": "^0.2.3",
        "kitx": "^1.2.1"
      }
    },
    "node_modules/@alicloud/oss-baseclient/node_modules/@alicloud/credentials/node_modules/kitx": {
      "version": "1.3.0",
      "resolved": "https://registry.npmjs.org/kitx/-/kitx-1.3.0.tgz",
      "integrity": "sha512-fhBqFlXd0GkKTB+8ayLfpzPUw+LHxZlPAukPNBD1Om7JMeInT+/PxCAf1yLagvD+VKoyWhXtJR68xQkX/a0wOQ=="
    },
    "node_modules/@alicloud/oss-client": {
      "version": "1.1.3",
      "resolved": "https://registry.npmjs.org/@alicloud/oss-client/-/oss-client-1.1.3.tgz",
      "integrity": "sha512-PuOcub7mzyzVijnq1dmz9kZj/b2rF/XBI/jnopi4eRFf1qEHY3ArUgE5Jb3UObzshjkooHSwTxtAxjlgC8JVeA==",
      "dependencies": {
        "@alicloud/credentials": "^2",
        "@alicloud/oss-baseclient": "^1.2.0",
        "@alicloud/oss-util": "^0.0.3",
        "@alicloud/rpc-util": "^0.0.1",
        "@alicloud/tea-fileform": "^1.0.0",
        "@alicloud/tea-typescript": "^1.2.0",
        "@alicloud/tea-util": "^1.2.6",
        "@alicloud/tea-xml": "^0.0.1"
      }
    },
    "node_modules/@alicloud/oss-client/node_modules/@alicloud/oss-util": {
      "version": "0.0.3",
      "resolved": "https://registry.npmjs.org/@alicloud/oss-util/-/oss-util-0.0.3.tgz",
      "integrity": "sha512-7gyxvZMDA/DVPcsr61VgCGAVNpsqiSKUE2R+0oONqOZFEP2bqkCbift14qOY+SL9C5+dvmLIXQluCtL00KVSLw==",
      "dependencies": {
        "@alicloud/tea-typescript": "^1.5.0",
        "@types/mime": "^2.0.1",
        "@types/xml2js": "^0.4.5",
        "int64-buffer": "^0.99.1007",
        "kitx": "^2.0.0",
        "mime": "^2.4.4",
        "xml2js": "^0.4.22"
      }
    },
    "node_modules/@alicloud/oss-util": {
      "version": "0.0.1",
      "resolved": "https://registry.npmjs.org/@alicloud/oss-util/-/oss-util-0.0.1.tgz",
      "integrity": "sha512-5cfcNVhN7YCvwaI1iAheppMFhIVbeFuJZMgS65mxDA0F9ud6kMCkxiYnlYPvms/lvVEuVkEHbR5939WH8ysz0w==",
      "dependencies": {
        "@alicloud/tea-typescript": "^1.5.0",
        "@types/mime": "^2.0.1",
        "@types/xml2js": "^0.4.5",
        "int64-buffer": "^0.99.1007",
        "kitx": "^2.0.0",
        "mime": "^2.4.4",
        "xml2js": "^0.4.22"
      }
    },
    "node_modules/@alicloud/rpc-util": {
      "version": "0.0.1",
      "resolved": "https://registry.npmjs.org/@alicloud/rpc-util/-/rpc-util-0.0.1.tgz",
      "integrity": "sha512-YUG6cPs9zq4WQVar0PX+s3ZnrmWf5nm62CzlBX4mlkkaCRyCf/VOGuYIPf+j1w8FvPYNv0zudeDU9tyZ20xWwA==",
      "dependencies": {
        "@alicloud/tea-typescript": "^1",
        "@types/xml2js": "^0.4.5",
        "kitx": "^2.0.0",
        "xml2js": "^0.4.22"
      }
    },
    "node_modules/@alicloud/sts-sdk": {
      "version": "1.0.2",
      "resolved": "https://registry.npmjs.org/@alicloud/sts-sdk/-/sts-sdk-1.0.2.tgz",
      "integrity": "sha512-WOv1qkNW7r2S6I0f2Qz8+7D5uU7bgE5vHxDWExcXmomMgr2i8JM6GhJeFPNVOzSWPgQi6Ujc+EATZ6ies9+UMA==",
      "dependencies": {
        "@alicloud/http-core-sdk": "^1.0.0",
        "uuid": "^3.3.2"
      }
    },
    "node_modules/@alicloud/tea-fileform": {
      "version": "1.2.0",
      "resolved": "https://registry.npmjs.org/@alicloud/tea-fileform/-/tea-fileform-1.2.0.tgz",
      "integrity": "sha512-+uKR4BsJssR254Isaqc/6Dc2iDC6AylBtrkf05yxqBd95cP1OfvzzRgdJ9MfipLWJkUtzVaVdnnbZwzGuLJVxQ==",
      "dependencies": {
        "@alicloud/tea-typescript": "^1"
      }
    },
    "node_modules/@alicloud/tea-typescript": {
      "version": "1.8.0",
      "resolved": "https://registry.npmjs.org/@alicloud/tea-typescript/-/tea-typescript-1.8.0.tgz",
      "integrity": "sha512-CWXWaquauJf0sW30mgJRVu9aaXyBth5uMBCUc+5vKTK1zlgf3hIqRUjJZbjlwHwQ5y9anwcu18r48nOZb7l2QQ==",
      "dependencies": {
        "@types/node": "^12.0.2",
        "httpx": "^2.2.6"
      }
    },
    "node_modules/@alicloud/tea-util": {
      "version": "1.4.7",
      "resolved": "https://registry.npmjs.org/@alicloud/tea-util/-/tea-util-1.4.7.tgz",
      "integrity": "sha512-Lrpfk9kxihHsit3oMoeIMjk783AxjOvzMhLAbZcIzazKiVg3Zk/209XDe9r1lXqxII59j3V4rhC9X14y6WGYyg==",
      "dependencies": {
        "@alicloud/tea-typescript": "^1.5.1",
        "kitx": "^2.0.0"
      }
    },
    "node_modules/@alicloud/tea-xml": {
      "version": "0.0.1",
      "resolved": "https://registry.npmjs.org/@alicloud/tea-xml/-/tea-xml-0.0.1.tgz",
      "integrity": "sha512-jFlmRj4XXPbCB4IKlK2bGl67lqQ1civ3cEfCZ0WZdFBsd5SR8IP87J4PSaoVic55DVqOpUJfEC7r33sA24KCuw==",
      "dependencies": {
        "@alicloud/tea-typescript": "^1",
        "@types/xml2js": "^0.4.5",
        "xml2js": "^0.4.22"
      }
    },
    "node_modules/@types/mime": {
      "version": "2.0.3",
      "resolved": "https://registry.npmjs.org/@types/mime/-/mime-2.0.3.tgz",
      "integrity": "sha512-Jus9s4CDbqwocc5pOAnh8ShfrnMcPHuJYzVcSUU7lrh8Ni5HuIqX3oilL86p3dlTrk0LzHRCgA/GQ7uNCw6l2Q=="
    },
    "node_modules/@types/node": {
      "version": "12.20.55",
      "resolved": "https://registry.npmjs.org/@types/node/-/node-12.20.55.tgz",
      "integrity": "sha512-J8xLz7q2OFulZ2cyGTLE1TbbZcjpno7FaN6zdJNrgAdrJ+DZzh/uFR6YrTb4C+nXakvud8Q4+rbhoIWlYQbUFQ=="
    },
    "node_modules/@types/xml2js": {
      "version": "0.4.11",
      "resolved": "https://registry.npmjs.org/@types/xml2js/-/xml2js-0.4.11.tgz",
      "integrity": "sha512-JdigeAKmCyoJUiQljjr7tQG3if9NkqGUgwEUqBvV0N7LM4HyQk7UXCnusRa1lnvXAEYJ8mw8GtZWioagNztOwA==",
      "dependencies": {
        "@types/node": "*"
      }
    },
    "node_modules/bignumber.js": {
      "version": "4.1.0",
      "resolved": "https://registry.npmjs.org/bignumber.js/-/bignumber.js-4.1.0.tgz",
      "integrity": "sha512-eJzYkFYy9L4JzXsbymsFn3p54D+llV27oTQ+ziJG7WFRheJcNZilgVXMG0LoZtlQSKBsJdWtLFqOD0u+U0jZKA==",
      "engines": {
        "node": "*"
      }
    },
    "node_modules/debug": {
      "version": "4.3.4",
      "resolved": "https://registry.npmjs.org/debug/-/debug-4.3.4.tgz",
      "integrity": "sha512-PRWFHuSU3eDtQJPvnNY7Jcket1j0t5OuOsFzPPzsekD52Zl8qUfFIPEiswXqIvHWGVHOgX+7G/vCNNhehwxfkQ==",
      "dependencies": {
        "ms": "2.1.2"
      },
      "engines": {
        "node": ">=6.0"
      },
      "peerDependenciesMeta": {
        "supports-color": {
          "optional": true
        }
      }
    },
    "node_modules/httpx": {
      "version": "2.2.7",
      "resolved": "https://registry.npmjs.org/httpx/-/httpx-2.2.7.tgz",
      "integrity": "sha512-Wjh2JOAah0pdczfqL8NC5378G7jMt0Zcpn8U+yyxAiejjlagzSTQgJHuVvka2VNPQlKfoGehYRc79WKq9E4gDw==",
      "dependencies": {
        "@types/node": "^14",
        "debug": "^4.1.1"
      }
    },
    "node_modules/httpx/node_modules/@types/node": {
      "version": "14.18.53",
      "resolved": "https://registry.npmjs.org/@types/node/-/node-14.18.53.tgz",
      "integrity": "sha512-soGmOpVBUq+gaBMwom1M+krC/NNbWlosh4AtGA03SyWNDiqSKtwp7OulO1M6+mg8YkHMvJ/y0AkCeO8d1hNb7A=="
    },
    "node_modules/ini": {
      "version": "1.3.8",
      "resolved": "https://registry.npmjs.org/ini/-/ini-1.3.8.tgz",
      "integrity": "sha512-JV/yugV2uzW5iMRSiZAyDtQd+nxtUnjeLt0acNdw98kKLrvuRVyB80tsREOE7yvGVgalhZ6RNXCmEHkUKBKxew=="
    },
    "node_modules/int64-buffer": {
      "version": "0.99.1007",
      "resolved": "https://registry.npmjs.org/int64-buffer/-/int64-buffer-0.99.1007.tgz",
      "integrity": "sha512-XDBEu44oSTqlvCSiOZ/0FoUkpWu/vwjJLGSKDabNISPQNZ5wub1FodGHBljRsrR0IXRPq7SslshZYMuA55CgTQ==",
      "engines": {
        "node": ">= 4.5.0"
      }
    },
    "node_modules/json-bigint": {
      "version": "0.2.3",
      "resolved": "https://registry.npmjs.org/json-bigint/-/json-bigint-0.2.3.tgz",
      "integrity": "sha512-pG8elXWCTAIwH1W8FwjDbj2FBJSi2WE5PdV0dm+c+7LAmH6XL6fwDsdQGgAgOZljcF3Kj9Uzop2TfGfPDSOUqA==",
      "dependencies": {
        "bignumber.js": "^4.0.0"
      }
    },
    "node_modules/kitx": {
      "version": "2.1.0",
      "resolved": "https://registry.npmjs.org/kitx/-/kitx-2.1.0.tgz",
      "integrity": "sha512-C/5v9MtIX7aHGOjwn5BmrrbNkJSf7i0R5mRzmh13GSAdRqQ7bYQo/Su2pTYNylFicqKNTVX3HML9k1u8k51+pQ==",
      "dependencies": {
        "@types/node": "^12.0.2"
      }
    },
    "node_modules/mime": {
      "version": "2.6.0",
      "resolved": "https://registry.npmjs.org/mime/-/mime-2.6.0.tgz",
      "integrity": "sha512-USPkMeET31rOMiarsBNIHZKLGgvKc/LrjofAnBlOttf5ajRvqiRA8QsenbcooctK6d6Ts6aqZXBA+XbkKthiQg==",
      "bin": {
        "mime": "cli.js"
      },
      "engines": {
        "node": ">=4.0.0"
      }
    },
    "node_modules/ms": {
      "version": "2.1.2",
      "resolved": "https://registry.npmjs.org/ms/-/ms-2.1.2.tgz",
      "integrity": "sha512-sGkPx+VjMtmA6MX27oA4FBFELFCZZ4S4XqeGOXCv68tT+jb3vk/RyaKWP0PTKyWtmLSM0b+adUTEvbs1PEaH2w=="
    },
    "node_modules/sax": {
      "version": "1.2.4",
      "resolved": "https://registry.npmjs.org/sax/-/sax-1.2.4.tgz",
      "integrity": "sha512-NqVDv9TpANUjFm0N8uM5GxL36UgKi9/atZw+x7YFnQ8ckwFGKrl4xX4yWtrey3UJm5nP1kUbnYgLopqWNSRhWw=="
    },
    "node_modules/sm3": {
      "version": "1.0.3",
      "resolved": "https://registry.npmjs.org/sm3/-/sm3-1.0.3.tgz",
      "integrity": "sha512-KyFkIfr8QBlFG3uc3NaljaXdYcsbRy1KrSfc4tsQV8jW68jAktGeOcifu530Vx/5LC+PULHT0Rv8LiI8Gw+c1g=="
    },
    "node_modules/typescript": {
      "version": "4.7.4",
      "resolved": "https://registry.npmjs.org/typescript/-/typescript-4.7.4.tgz",
      "integrity": "sha512-C0WQT0gezHuw6AdY1M2jxUO83Rjf0HP7Sk1DtXj6j1EwkQNZrHAg2XPWlq62oqEhYvONq5pkC2Y9oPljWToLmQ==",
      "dev": true,
      "bin": {
        "tsc": "bin/tsc",
        "tsserver": "bin/tsserver"
      },
      "engines": {
        "node": ">=4.2.0"
      }
    },
    "node_modules/uuid": {
      "version": "3.4.0",
      "resolved": "https://registry.npmjs.org/uuid/-/uuid-3.4.0.tgz",
      "integrity": "sha512-HjSDRw6gZE5JMggctHBcjVak08+KEVhSIiDzFnT9S9aegmp85S/bReBVTb4QTFaRNptJ9kuYaNhnbNEOkbKb/A==",
      "deprecated": "Please upgrade  to version 7 or higher.  Older versions may use Math.random() in certain circumstances, which is known to be problematic.  See https://v8.dev/blog/math-random for details.",
      "bin": {
        "uuid": "bin/uuid"
      }
    },
    "node_modules/xml2js": {
      "version": "0.4.23",
      "resolved": "https://registry.npmjs.org/xml2js/-/xml2js-0.4.23.tgz",
      "integrity": "sha512-ySPiMjM0+pLDftHgXY4By0uswI3SPKLDw/i3UXbnO8M/p28zqexCUoPmQFrYD+/1BzhGJSs2i1ERWKJAtiLrug==",
      "dependencies": {
        "sax": ">=0.6.0",
        "xmlbuilder": "~11.0.0"
      },
      "engines": {
        "node": ">=4.0.0"
      }
    },
    "node_modules/xmlbuilder": {
      "version": "11.0.1",
      "resolved": "https://registry.npmjs.org/xmlbuilder/-/xmlbuilder-11.0.1.tgz",
      "integrity": "sha512-fDlsI/kFEx7gLvbecc0/ohLG50fugQp8ryHzMTuW9vSa1GJ0XYWKnhsUx7oie3G98+r56aTQIUB4kht42R3JvA==",
      "engines": {
        "node": ">=4.0"
      }
    }
  },
  "dependencies": {
    "@alicloud/alimt20181012": {
      "version": "1.1.0",
      "resolved": "https://registry.npmjs.org/@alicloud/alimt20181012/-/alimt20181012-1.1.0.tgz",
      "integrity": "sha512-Puu0yGn1sQI20P1XNGw2ST0+PP5mG5UVZW+wOPKcNHL6k6xoIOfxDMPal/YNGs0NMLsxgQGSrDj5IB4GL+FqgQ==",
      "requires": {
        "@alicloud/endpoint-util": "^0.0.1",
        "@alicloud/openapi-client": "^0.4.4",
        "@alicloud/openapi-util": "^0.3.1",
        "@alicloud/openplatform20191219": "2.0.0",
        "@alicloud/oss-client": "^1.1.2",
        "@alicloud/oss-util": "0.0.1",
        "@alicloud/tea-fileform": "^1.0.0",
        "@alicloud/tea-typescript": "^1.7.1",
        "@alicloud/tea-util": "^1.4.5"
      },
      "dependencies": {
        "@alicloud/openapi-client": {
          "version": "0.4.6",
          "resolved": "https://registry.npmjs.org/@alicloud/openapi-client/-/openapi-client-0.4.6.tgz",
          "integrity": "sha512-cyhUQOJehLRslHy2l+lsginiyXdzfV7yF7b9EJcxzGG7zHAEX0XF3OJvfo13n7WgiqCzt9suQBatJz7b5F+14A==",
          "requires": {
            "@alicloud/credentials": "^2",
            "@alicloud/gateway-spi": "^0.0.8",
            "@alicloud/openapi-util": "^0.3.1",
            "@alicloud/tea-typescript": "^1.7.1",
            "@alicloud/tea-util": "^1.4.5",
            "@alicloud/tea-xml": "0.0.2"
          }
        },
        "@alicloud/tea-xml": {
          "version": "0.0.2",
          "resolved": "https://registry.npmjs.org/@alicloud/tea-xml/-/tea-xml-0.0.2.tgz",
          "integrity": "sha512-Xs7v5y7YSNSDDYmiDWAC0/013VWPjS3dQU4KezSLva9VGiTVPaL3S7Nk4NrTmAYCG6MKcrRj/nGEDIWL5KRoPg==",
          "requires": {
            "@alicloud/tea-typescript": "^1",
            "@types/xml2js": "^0.4.5",
            "xml2js": "^0.4.22"
          }
        }
      }
    },
    "@alicloud/credentials": {
      "version": "2.2.6",
      "resolved": "https://registry.npmjs.org/@alicloud/credentials/-/credentials-2.2.6.tgz",
      "integrity": "sha512-jG+msY77dHmAF3x+8VTy7fEgORyXLHmDci8t92HeipBdCHsPptDegA++GEwKgR7f6G4wvafYt+aqMZ1iligdrQ==",
      "requires": {
        "@alicloud/tea-typescript": "^1.5.3",
        "httpx": "^2.2.0",
        "ini": "^1.3.5",
        "kitx": "^2.0.0"
      }
    },
    "@alicloud/endpoint-util": {
      "version": "0.0.1",
      "resolved": "https://registry.npmjs.org/@alicloud/endpoint-util/-/endpoint-util-0.0.1.tgz",
      "integrity": "sha512-+pH7/KEXup84cHzIL6UJAaPqETvln4yXlD9JzlrqioyCSaWxbug5FUobsiI6fuUOpw5WwoB3fWAtGbFnJ1K3Yg==",
      "requires": {
        "@alicloud/tea-typescript": "^1.5.1",
        "kitx": "^2.0.0"
      }
    },
    "@alicloud/gateway-spi": {
      "version": "0.0.8",
      "resolved": "https://registry.npmjs.org/@alicloud/gateway-spi/-/gateway-spi-0.0.8.tgz",
      "integrity": "sha512-KM7fu5asjxZPmrz9sJGHJeSU+cNQNOxW+SFmgmAIrITui5hXL2LB+KNRuzWmlwPjnuA2X3/keq9h6++S9jcV5g==",
      "requires": {
        "@alicloud/credentials": "^2",
        "@alicloud/tea-typescript": "^1.7.1"
      }
    },
    "@alicloud/http-core-sdk": {
      "version": "1.0.0",
      "resolved": "https://registry.npmjs.org/@alicloud/http-core-sdk/-/http-core-sdk-1.0.0.tgz",
      "integrity": "sha512-ZODX85jwCf63Fmzj+pYZq85z8+SZzNg/FL+oW1/L/sRM8oj70+1+pdG0RHynAxBXkjNYt4eLIPrBvIEeVfx+LQ==",
      "requires": {
        "httpx": "^2.1.3"
      }
    },
    "@alicloud/openapi-client": {
      "version": "0.3.8",
      "resolved": "https://registry.npmjs.org/@alicloud/openapi-client/-/openapi-client-0.3.8.tgz",
      "integrity": "sha512-QuvK6MJtQejSOfUnsEUtdM5AYA8Ww9kV79VO1st5sFPYQWV4R8NXm2yr40Jq4UQmKN2ydlRfbys3ACJDocVfqQ==",
      "requires": {
        "@alicloud/credentials": "^2",
        "@alicloud/openapi-util": "^0.2.4",
        "@alicloud/tea-typescript": "^1.7.1",
        "@alicloud/tea-util": "^1.4.0"
      },
      "dependencies": {
        "@alicloud/openapi-util": {
          "version": "0.2.9",
          "resolved": "https://registry.npmjs.org/@alicloud/openapi-util/-/openapi-util-0.2.9.tgz",
          "integrity": "sha512-GUEYtX3lDv+WaZoDFCb0h9aZ8+IlajnSAxSHjiITbNtjCpZbA/vfd7Z/ST9YaPoT34nGqDNKiQTjqpLhaKtYBw==",
          "requires": {
            "@alicloud/tea-typescript": "^1.7.1",
            "@alicloud/tea-util": "^1.3.0",
            "kitx": "^2.1.0",
            "sm3": "^1.0.3"
          }
        }
      }
    },
    "@alicloud/openapi-util": {
      "version": "0.3.1",
      "resolved": "https://registry.npmjs.org/@alicloud/openapi-util/-/openapi-util-0.3.1.tgz",
      "integrity": "sha512-6mGT+hs+SXismZi/CEkjPhhbn2U3qTT/Qv/RXAYFA1DC3Jk4/YaX3N7RtpgdzOhdD7uI8XtNkaULKHZY3BrtxQ==",
      "requires": {
        "@alicloud/tea-typescript": "^1.7.1",
        "@alicloud/tea-util": "^1.3.0",
        "kitx": "^2.1.0",
        "sm3": "^1.0.3"
      }
    },
    "@alicloud/openplatform20191219": {
      "version": "2.0.0",
      "resolved": "https://registry.npmjs.org/@alicloud/openplatform20191219/-/openplatform20191219-2.0.0.tgz",
      "integrity": "sha512-x2o725mfNTML1rCoabrQ/9QIL7lnNGf1QsLV/7AH7IWp3tGLKKOQc7RyXIuU3E699lvF8dNsK3fZL6knjaKenA==",
      "requires": {
        "@alicloud/endpoint-util": "^0.0.1",
        "@alicloud/openapi-client": "^0.4.1",
        "@alicloud/openapi-util": "^0.2.9",
        "@alicloud/tea-typescript": "^1.7.1",
        "@alicloud/tea-util": "^1.4.4"
      },
      "dependencies": {
        "@alicloud/openapi-client": {
          "version": "0.4.6",
          "resolved": "https://registry.npmjs.org/@alicloud/openapi-client/-/openapi-client-0.4.6.tgz",
          "integrity": "sha512-cyhUQOJehLRslHy2l+lsginiyXdzfV7yF7b9EJcxzGG7zHAEX0XF3OJvfo13n7WgiqCzt9suQBatJz7b5F+14A==",
          "requires": {
            "@alicloud/credentials": "^2",
            "@alicloud/gateway-spi": "^0.0.8",
            "@alicloud/openapi-util": "^0.3.1",
            "@alicloud/tea-typescript": "^1.7.1",
            "@alicloud/tea-util": "^1.4.5",
            "@alicloud/tea-xml": "0.0.2"
          },
          "dependencies": {
            "@alicloud/openapi-util": {
              "version": "0.3.1",
              "resolved": "https://registry.npmjs.org/@alicloud/openapi-util/-/openapi-util-0.3.1.tgz",
              "integrity": "sha512-6mGT+hs+SXismZi/CEkjPhhbn2U3qTT/Qv/RXAYFA1DC3Jk4/YaX3N7RtpgdzOhdD7uI8XtNkaULKHZY3BrtxQ==",
              "requires": {
                "@alicloud/tea-typescript": "^1.7.1",
                "@alicloud/tea-util": "^1.3.0",
                "kitx": "^2.1.0",
                "sm3": "^1.0.3"
              }
            }
          }
        },
        "@alicloud/openapi-util": {
          "version": "0.2.9",
          "resolved": "https://registry.npmjs.org/@alicloud/openapi-util/-/openapi-util-0.2.9.tgz",
          "integrity": "sha512-GUEYtX3lDv+WaZoDFCb0h9aZ8+IlajnSAxSHjiITbNtjCpZbA/vfd7Z/ST9YaPoT34nGqDNKiQTjqpLhaKtYBw==",
          "requires": {
            "@alicloud/tea-typescript": "^1.7.1",
            "@alicloud/tea-util": "^1.3.0",
            "kitx": "^2.1.0",
            "sm3": "^1.0.3"
          }
        },
        "@alicloud/tea-xml": {
          "version": "0.0.2",
          "resolved": "https://registry.npmjs.org/@alicloud/tea-xml/-/tea-xml-0.0.2.tgz",
          "integrity": "sha512-Xs7v5y7YSNSDDYmiDWAC0/013VWPjS3dQU4KezSLva9VGiTVPaL3S7Nk4NrTmAYCG6MKcrRj/nGEDIWL5KRoPg==",
          "requires": {
            "@alicloud/tea-typescript": "^1",
            "@types/xml2js": "^0.4.5",
            "xml2js": "^0.4.22"
          }
        }
      }
    },
    "@alicloud/oss-baseclient": {
      "version": "1.2.0",
      "resolved": "https://registry.npmjs.org/@alicloud/oss-baseclient/-/oss-baseclient-1.2.0.tgz",
      "integrity": "sha512-4K5sQTd7rCLfk+DbwIKEbISWKKGlso9bBz1qzZkDBG6OGvLjwh36/2BK2O9omvXMUVzpj7jrJSkFU/oWZY4zEQ==",
      "requires": {
        "@alicloud/credentials": "^1.0.0",
        "@alicloud/tea-typescript": "^1.5.0",
        "@types/mime": "^2.0.1",
        "@types/xml2js": "^0.4.5",
        "int64-buffer": "^0.99.1007",
        "kitx": "^2.0.0",
        "mime": "^2.4.4",
        "xml2js": "^0.4.22"
      },
      "dependencies": {
        "@alicloud/credentials": {
          "version": "1.1.0",
          "resolved": "https://registry.npmjs.org/@alicloud/credentials/-/credentials-1.1.0.tgz",
          "integrity": "sha512-sCZjWWvOCJW/jkBBas6PJsofF0m3xxU0Yhq45rxs18IiHUsHqGeo1DqG4zkHToAuE689hA/GjFivtO6NOmJWHw==",
          "requires": {
            "@alicloud/sts-sdk": "^1.0.0",
            "httpx": "^2.2.0",
            "ini": "^1.3.5",
            "json-bigint": "^0.2.3",
            "kitx": "^1.2.1"
          },
          "dependencies": {
            "kitx": {
              "version": "1.3.0",
              "resolved": "https://registry.npmjs.org/kitx/-/kitx-1.3.0.tgz",
              "integrity": "sha512-fhBqFlXd0GkKTB+8ayLfpzPUw+LHxZlPAukPNBD1Om7JMeInT+/PxCAf1yLagvD+VKoyWhXtJR68xQkX/a0wOQ=="
            }
          }
        }
      }
    },
    "@alicloud/oss-client": {
      "version": "1.1.3",
      "resolved": "https://registry.npmjs.org/@alicloud/oss-client/-/oss-client-1.1.3.tgz",
      "integrity": "sha512-PuOcub7mzyzVijnq1dmz9kZj/b2rF/XBI/jnopi4eRFf1qEHY3ArUgE5Jb3UObzshjkooHSwTxtAxjlgC8JVeA==",
      "requires": {
        "@alicloud/credentials": "^2",
        "@alicloud/oss-baseclient": "^1.2.0",
        "@alicloud/oss-util": "^0.0.3",
        "@alicloud/rpc-util": "^0.0.1",
        "@alicloud/tea-fileform": "^1.0.0",
        "@alicloud/tea-typescript": "^1.2.0",
        "@alicloud/tea-util": "^1.2.6",
        "@alicloud/tea-xml": "^0.0.1"
      },
      "dependencies": {
        "@alicloud/oss-util": {
          "version": "0.0.3",
          "resolved": "https://registry.npmjs.org/@alicloud/oss-util/-/oss-util-0.0.3.tgz",
          "integrity": "sha512-7gyxvZMDA/DVPcsr61VgCGAVNpsqiSKUE2R+0oONqOZFEP2bqkCbift14qOY+SL9C5+dvmLIXQluCtL00KVSLw==",
          "requires": {
            "@alicloud/tea-typescript": "^1.5.0",
            "@types/mime": "^2.0.1",
            "@types/xml2js": "^0.4.5",
            "int64-buffer": "^0.99.1007",
            "kitx": "^2.0.0",
            "mime": "^2.4.4",
            "xml2js": "^0.4.22"
          }
        }
      }
    },
    "@alicloud/oss-util": {
      "version": "0.0.1",
      "resolved": "https://registry.npmjs.org/@alicloud/oss-util/-/oss-util-0.0.1.tgz",
      "integrity": "sha512-5cfcNVhN7YCvwaI1iAheppMFhIVbeFuJZMgS65mxDA0F9ud6kMCkxiYnlYPvms/lvVEuVkEHbR5939WH8ysz0w==",
      "requires": {
        "@alicloud/tea-typescript": "^1.5.0",
        "@types/mime": "^2.0.1",
        "@types/xml2js": "^0.4.5",
        "int64-buffer": "^0.99.1007",
        "kitx": "^2.0.0",
        "mime": "^2.4.4",
        "xml2js": "^0.4.22"
      }
    },
    "@alicloud/rpc-util": {
      "version": "0.0.1",
      "resolved": "https://registry.npmjs.org/@alicloud/rpc-util/-/rpc-util-0.0.1.tgz",
      "integrity": "sha512-YUG6cPs9zq4WQVar0PX+s3ZnrmWf5nm62CzlBX4mlkkaCRyCf/VOGuYIPf+j1w8FvPYNv0zudeDU9tyZ20xWwA==",
      "requires": {
        "@alicloud/tea-typescript": "^1",
        "@types/xml2js": "^0.4.5",
        "kitx": "^2.0.0",
        "xml2js": "^0.4.22"
      }
    },
    "@alicloud/sts-sdk": {
      "version": "1.0.2",
      "resolved": "https://registry.npmjs.org/@alicloud/sts-sdk/-/sts-sdk-1.0.2.tgz",
      "integrity": "sha512-WOv1qkNW7r2S6I0f2Qz8+7D5uU7bgE5vHxDWExcXmomMgr2i8JM6GhJeFPNVOzSWPgQi6Ujc+EATZ6ies9+UMA==",
      "requires": {
        "@alicloud/http-core-sdk": "^1.0.0",
        "uuid": "^3.3.2"
      }
    },
    "@alicloud/tea-fileform": {
      "version": "1.2.0",
      "resolved": "https://registry.npmjs.org/@alicloud/tea-fileform/-/tea-fileform-1.2.0.tgz",
      "integrity": "sha512-+uKR4BsJssR254Isaqc/6Dc2iDC6AylBtrkf05yxqBd95cP1OfvzzRgdJ9MfipLWJkUtzVaVdnnbZwzGuLJVxQ==",
      "requires": {
        "@alicloud/tea-typescript": "^1"
      }
    },
    "@alicloud/tea-typescript": {
      "version": "1.8.0",
      "resolved": "https://registry.npmjs.org/@alicloud/tea-typescript/-/tea-typescript-1.8.0.tgz",
      "integrity": "sha512-CWXWaquauJf0sW30mgJRVu9aaXyBth5uMBCUc+5vKTK1zlgf3hIqRUjJZbjlwHwQ5y9anwcu18r48nOZb7l2QQ==",
      "requires": {
        "@types/node": "^12.0.2",
        "httpx": "^2.2.6"
      }
    },
    "@alicloud/tea-util": {
      "version": "1.4.7",
      "resolved": "https://registry.npmjs.org/@alicloud/tea-util/-/tea-util-1.4.7.tgz",
      "integrity": "sha512-Lrpfk9kxihHsit3oMoeIMjk783AxjOvzMhLAbZcIzazKiVg3Zk/209XDe9r1lXqxII59j3V4rhC9X14y6WGYyg==",
      "requires": {
        "@alicloud/tea-typescript": "^1.5.1",
        "kitx": "^2.0.0"
      }
    },
    "@alicloud/tea-xml": {
      "version": "0.0.1",
      "resolved": "https://registry.npmjs.org/@alicloud/tea-xml/-/tea-xml-0.0.1.tgz",
      "integrity": "sha512-jFlmRj4XXPbCB4IKlK2bGl67lqQ1civ3cEfCZ0WZdFBsd5SR8IP87J4PSaoVic55DVqOpUJfEC7r33sA24KCuw==",
      "requires": {
        "@alicloud/tea-typescript": "^1",
        "@types/xml2js": "^0.4.5",
        "xml2js": "^0.4.22"
      }
    },
    "@types/mime": {
      "version": "2.0.3",
      "resolved": "https://registry.npmjs.org/@types/mime/-/mime-2.0.3.tgz",
      "integrity": "sha512-Jus9s4CDbqwocc5pOAnh8ShfrnMcPHuJYzVcSUU7lrh8Ni5HuIqX3oilL86p3dlTrk0LzHRCgA/GQ7uNCw6l2Q=="
    },
    "@types/node": {
      "version": "12.20.55",
      "resolved": "https://registry.npmjs.org/@types/node/-/node-12.20.55.tgz",
      "integrity": "sha512-J8xLz7q2OFulZ2cyGTLE1TbbZcjpno7FaN6zdJNrgAdrJ+DZzh/uFR6YrTb4C+nXakvud8Q4+rbhoIWlYQbUFQ=="
    },
    "@types/xml2js": {
      "version": "0.4.11",
      "resolved": "https://registry.npmjs.org/@types/xml2js/-/xml2js-0.4.11.tgz",
      "integrity": "sha512-JdigeAKmCyoJUiQljjr7tQG3if9NkqGUgwEUqBvV0N7LM4HyQk7UXCnusRa1lnvXAEYJ8mw8GtZWioagNztOwA==",
      "requires": {
        "@types/node": "*"
      }
    },
    "bignumber.js": {
      "version": "4.1.0",
      "resolved": "https://registry.npmjs.org/bignumber.js/-/bignumber.js-4.1.0.tgz",
      "integrity": "sha512-eJzYkFYy9L4JzXsbymsFn3p54D+llV27oTQ+ziJG7WFRheJcNZilgVXMG0LoZtlQSKBsJdWtLFqOD0u+U0jZKA=="
    },
    "debug": {
      "version": "4.3.4",
      "resolved": "https://registry.npmjs.org/debug/-/debug-4.3.4.tgz",
      "integrity": "sha512-PRWFHuSU3eDtQJPvnNY7Jcket1j0t5OuOsFzPPzsekD52Zl8qUfFIPEiswXqIvHWGVHOgX+7G/vCNNhehwxfkQ==",
      "requires": {
        "ms": "2.1.2"
      }
    },
    "httpx": {
      "version": "2.2.7",
      "resolved": "https://registry.npmjs.org/httpx/-/httpx-2.2.7.tgz",
      "integrity": "sha512-Wjh2JOAah0pdczfqL8NC5378G7jMt0Zcpn8U+yyxAiejjlagzSTQgJHuVvka2VNPQlKfoGehYRc79WKq9E4gDw==",
      "requires": {
        "@types/node": "^14",
        "debug": "^4.1.1"
      },
      "dependencies": {
        "@types/node": {
          "version": "14.18.53",
          "resolved": "https://registry.npmjs.org/@types/node/-/node-14.18.53.tgz",
          "integrity": "sha512-soGmOpVBUq+gaBMwom1M+krC/NNbWlosh4AtGA03SyWNDiqSKtwp7OulO1M6+mg8YkHMvJ/y0AkCeO8d1hNb7A=="
        }
      }
    },
    "ini": {
      "version": "1.3.8",
      "resolved": "https://registry.npmjs.org/ini/-/ini-1.3.8.tgz",
      "integrity": "sha512-JV/yugV2uzW5iMRSiZAyDtQd+nxtUnjeLt0acNdw98kKLrvuRVyB80tsREOE7yvGVgalhZ6RNXCmEHkUKBKxew=="
    },
    "int64-buffer": {
      "version": "0.99.1007",
      "resolved": "https://registry.npmjs.org/int64-buffer/-/int64-buffer-0.99.1007.tgz",
      "integrity": "sha512-XDBEu44oSTqlvCSiOZ/0FoUkpWu/vwjJLGSKDabNISPQNZ5wub1FodGHBljRsrR0IXRPq7SslshZYMuA55CgTQ=="
    },
    "json-bigint": {
      "version": "0.2.3",
      "resolved": "https://registry.npmjs.org/json-bigint/-/json-bigint-0.2.3.tgz",
      "integrity": "sha512-pG8elXWCTAIwH1W8FwjDbj2FBJSi2WE5PdV0dm+c+7LAmH6XL6fwDsdQGgAgOZljcF3Kj9Uzop2TfGfPDSOUqA==",
      "requires": {
        "bignumber.js": "^4.0.0"
      }
    },
    "kitx": {
      "version": "2.1.0",
      "resolved": "https://registry.npmjs.org/kitx/-/kitx-2.1.0.tgz",
      "integrity": "sha512-C/5v9MtIX7aHGOjwn5BmrrbNkJSf7i0R5mRzmh13GSAdRqQ7bYQo/Su2pTYNylFicqKNTVX3HML9k1u8k51+pQ==",
      "requires": {
        "@types/node": "^12.0.2"
      }
    },
    "mime": {
      "version": "2.6.0",
      "resolved": "https://registry.npmjs.org/mime/-/mime-2.6.0.tgz",
      "integrity": "sha512-USPkMeET31rOMiarsBNIHZKLGgvKc/LrjofAnBlOttf5ajRvqiRA8QsenbcooctK6d6Ts6aqZXBA+XbkKthiQg=="
    },
    "ms": {
      "version": "2.1.2",
      "resolved": "https://registry.npmjs.org/ms/-/ms-2.1.2.tgz",
      "integrity": "sha512-sGkPx+VjMtmA6MX27oA4FBFELFCZZ4S4XqeGOXCv68tT+jb3vk/RyaKWP0PTKyWtmLSM0b+adUTEvbs1PEaH2w=="
    },
    "sax": {
      "version": "1.2.4",
      "resolved": "https://registry.npmjs.org/sax/-/sax-1.2.4.tgz",
      "integrity": "sha512-NqVDv9TpANUjFm0N8uM5GxL36UgKi9/atZw+x7YFnQ8ckwFGKrl4xX4yWtrey3UJm5nP1kUbnYgLopqWNSRhWw=="
    },
    "sm3": {
      "version": "1.0.3",
      "resolved": "https://registry.npmjs.org/sm3/-/sm3-1.0.3.tgz",
      "integrity": "sha512-KyFkIfr8QBlFG3uc3NaljaXdYcsbRy1KrSfc4tsQV8jW68jAktGeOcifu530Vx/5LC+PULHT0Rv8LiI8Gw+c1g=="
    },
    "typescript": {
      "version": "4.7.4",
      "resolved": "https://registry.npmjs.org/typescript/-/typescript-4.7.4.tgz",
      "integrity": "sha512-C0WQT0gezHuw6AdY1M2jxUO83Rjf0HP7Sk1DtXj6j1EwkQNZrHAg2XPWlq62oqEhYvONq5pkC2Y9oPljWToLmQ==",
      "dev": true
    },
    "uuid": {
      "version": "3.4.0",
      "resolved": "https://registry.npmjs.org/uuid/-/uuid-3.4.0.tgz",
      "integrity": "sha512-HjSDRw6gZE5JMggctHBcjVak08+KEVhSIiDzFnT9S9aegmp85S/bReBVTb4QTFaRNptJ9kuYaNhnbNEOkbKb/A=="
    },
    "xml2js": {
      "version": "0.4.23",
      "resolved": "https://registry.npmjs.org/xml2js/-/xml2js-0.4.23.tgz",
      "integrity": "sha512-ySPiMjM0+pLDftHgXY4By0uswI3SPKLDw/i3UXbnO8M/p28zqexCUoPmQFrYD+/1BzhGJSs2i1ERWKJAtiLrug==",
      "requires": {
        "sax": ">=0.6.0",
        "xmlbuilder": "~11.0.0"
      }
    },
    "xmlbuilder": {
      "version": "11.0.1",
      "resolved": "https://registry.npmjs.org/xmlbuilder/-/xmlbuilder-11.0.1.tgz",
      "integrity": "sha512-fDlsI/kFEx7gLvbecc0/ohLG50fugQp8ryHzMTuW9vSa1GJ0XYWKnhsUx7oie3G98+r56aTQIUB4kht42R3JvA=="
    }
  }
}
