lockfileVersion: '9.0'

settings:
  autoInstallPeers: true
  excludeLinksFromLockfile: false

importers:

  .:
    dependencies:
      '@alicloud/alimt20181012':
        specifier: ^1.0.3
        version: 1.3.0
      '@alicloud/openapi-client':
        specifier: ^0.3.8
        version: 0.3.8
    devDependencies:
      typescript:
        specifier: ~4.7.4
        version: 4.7.4

packages:

  '@alicloud/alimt20181012@1.3.0':
    resolution: {integrity: sha512-tFkGawORl2hPZ9xQDUtw+B1wEqvGz4CDxXtHe2Y0kA6vCoKs3y/kk/4JfJK0ow/t7T3KA6fG0ovMVnzfg9tDYg==}

  '@alicloud/credentials@1.1.0':
    resolution: {integrity: sha512-sCZjWWvOCJW/jkBBas6PJsofF0m3xxU0Yhq45rxs18IiHUsHqGeo1DqG4zkHToAuE689hA/GjFivtO6NOmJWHw==}

  '@alicloud/credentials@2.3.1':
    resolution: {integrity: sha512-FK8N1YNVqUGOl7qOFn8h3zTwv2Tj8ON3459XXnJkAa08YBECj8o/V81D/ubxpX0yZub4RVKjknxNSHEbrASc+A==}

  '@alicloud/endpoint-util@0.0.1':
    resolution: {integrity: sha512-+pH7/KEXup84cHzIL6UJAaPqETvln4yXlD9JzlrqioyCSaWxbug5FUobsiI6fuUOpw5WwoB3fWAtGbFnJ1K3Yg==}

  '@alicloud/gateway-spi@0.0.8':
    resolution: {integrity: sha512-KM7fu5asjxZPmrz9sJGHJeSU+cNQNOxW+SFmgmAIrITui5hXL2LB+KNRuzWmlwPjnuA2X3/keq9h6++S9jcV5g==}

  '@alicloud/http-core-sdk@1.0.0':
    resolution: {integrity: sha512-ZODX85jwCf63Fmzj+pYZq85z8+SZzNg/FL+oW1/L/sRM8oj70+1+pdG0RHynAxBXkjNYt4eLIPrBvIEeVfx+LQ==}

  '@alicloud/openapi-client@0.3.8':
    resolution: {integrity: sha512-QuvK6MJtQejSOfUnsEUtdM5AYA8Ww9kV79VO1st5sFPYQWV4R8NXm2yr40Jq4UQmKN2ydlRfbys3ACJDocVfqQ==}

  '@alicloud/openapi-client@0.4.12':
    resolution: {integrity: sha512-WuKfFqwY3/+wuNawzfJAirNA00XDI7fm9fUhWK7siGZEh0R2XJR0Y54MLW7WWItX06fAghUvnDhKWZH3AgN+yg==}

  '@alicloud/openapi-util@0.2.9':
    resolution: {integrity: sha512-GUEYtX3lDv+WaZoDFCb0h9aZ8+IlajnSAxSHjiITbNtjCpZbA/vfd7Z/ST9YaPoT34nGqDNKiQTjqpLhaKtYBw==}

  '@alicloud/openapi-util@0.3.2':
    resolution: {integrity: sha512-EC2JvxdcOgMlBAEG0+joOh2IB1um8CPz9EdYuRfTfd1uP8Yc9D8QRUWVGjP6scnj6fWSOaHFlit9H6PrJSyFow==}

  '@alicloud/openplatform20191219@2.0.0':
    resolution: {integrity: sha512-x2o725mfNTML1rCoabrQ/9QIL7lnNGf1QsLV/7AH7IWp3tGLKKOQc7RyXIuU3E699lvF8dNsK3fZL6knjaKenA==}

  '@alicloud/oss-baseclient@1.2.0':
    resolution: {integrity: sha512-4K5sQTd7rCLfk+DbwIKEbISWKKGlso9bBz1qzZkDBG6OGvLjwh36/2BK2O9omvXMUVzpj7jrJSkFU/oWZY4zEQ==}

  '@alicloud/oss-client@1.1.3':
    resolution: {integrity: sha512-PuOcub7mzyzVijnq1dmz9kZj/b2rF/XBI/jnopi4eRFf1qEHY3ArUgE5Jb3UObzshjkooHSwTxtAxjlgC8JVeA==}

  '@alicloud/oss-util@0.0.1':
    resolution: {integrity: sha512-5cfcNVhN7YCvwaI1iAheppMFhIVbeFuJZMgS65mxDA0F9ud6kMCkxiYnlYPvms/lvVEuVkEHbR5939WH8ysz0w==}

  '@alicloud/oss-util@0.0.3':
    resolution: {integrity: sha512-7gyxvZMDA/DVPcsr61VgCGAVNpsqiSKUE2R+0oONqOZFEP2bqkCbift14qOY+SL9C5+dvmLIXQluCtL00KVSLw==}

  '@alicloud/rpc-util@0.0.1':
    resolution: {integrity: sha512-YUG6cPs9zq4WQVar0PX+s3ZnrmWf5nm62CzlBX4mlkkaCRyCf/VOGuYIPf+j1w8FvPYNv0zudeDU9tyZ20xWwA==}

  '@alicloud/sts-sdk@1.0.2':
    resolution: {integrity: sha512-WOv1qkNW7r2S6I0f2Qz8+7D5uU7bgE5vHxDWExcXmomMgr2i8JM6GhJeFPNVOzSWPgQi6Ujc+EATZ6ies9+UMA==}

  '@alicloud/tea-fileform@1.2.0':
    resolution: {integrity: sha512-+uKR4BsJssR254Isaqc/6Dc2iDC6AylBtrkf05yxqBd95cP1OfvzzRgdJ9MfipLWJkUtzVaVdnnbZwzGuLJVxQ==}

  '@alicloud/tea-typescript@1.8.0':
    resolution: {integrity: sha512-CWXWaquauJf0sW30mgJRVu9aaXyBth5uMBCUc+5vKTK1zlgf3hIqRUjJZbjlwHwQ5y9anwcu18r48nOZb7l2QQ==}

  '@alicloud/tea-util@1.4.9':
    resolution: {integrity: sha512-S0wz76rGtoPKskQtRTGqeuqBHFj8BqUn0Vh+glXKun2/9UpaaaWmuJwcmtImk6bJZfLYEShDF/kxDmDJoNYiTw==}

  '@alicloud/tea-xml@0.0.1':
    resolution: {integrity: sha512-jFlmRj4XXPbCB4IKlK2bGl67lqQ1civ3cEfCZ0WZdFBsd5SR8IP87J4PSaoVic55DVqOpUJfEC7r33sA24KCuw==}

  '@alicloud/tea-xml@0.0.3':
    resolution: {integrity: sha512-+/9GliugjrLglsXVrd1D80EqqKgGpyA0eQ6+1ZdUOYCaRguaSwz44trX3PaxPu/HhIPJg9PsGQQ3cSLXWZjbAA==}

  '@types/mime@2.0.3':
    resolution: {integrity: sha512-Jus9s4CDbqwocc5pOAnh8ShfrnMcPHuJYzVcSUU7lrh8Ni5HuIqX3oilL86p3dlTrk0LzHRCgA/GQ7uNCw6l2Q==}

  '@types/node@12.20.55':
    resolution: {integrity: sha512-J8xLz7q2OFulZ2cyGTLE1TbbZcjpno7FaN6zdJNrgAdrJ+DZzh/uFR6YrTb4C+nXakvud8Q4+rbhoIWlYQbUFQ==}

  '@types/node@20.16.10':
    resolution: {integrity: sha512-vQUKgWTjEIRFCvK6CyriPH3MZYiYlNy0fKiEYHWbcoWLEgs4opurGGKlebrTLqdSMIbXImH6XExNiIyNUv3WpA==}

  '@types/node@22.7.4':
    resolution: {integrity: sha512-y+NPi1rFzDs1NdQHHToqeiX2TIS79SWEAw9GYhkkx8bD0ChpfqC+n2j5OXOCpzfojBEBt6DnEnnG9MY0zk1XLg==}

  '@types/xml2js@0.4.14':
    resolution: {integrity: sha512-4YnrRemBShWRO2QjvUin8ESA41rH+9nQGLUGZV/1IDhi3SL9OhdpNC/MrulTWuptXKwhx/aDxE7toV0f/ypIXQ==}

  bignumber.js@4.1.0:
    resolution: {integrity: sha512-eJzYkFYy9L4JzXsbymsFn3p54D+llV27oTQ+ziJG7WFRheJcNZilgVXMG0LoZtlQSKBsJdWtLFqOD0u+U0jZKA==}

  debug@4.3.7:
    resolution: {integrity: sha512-Er2nc/H7RrMXZBFCEim6TCmMk02Z8vLC2Rbi1KEBggpo0fS6l0S1nnapwmIi3yW/+GOJap1Krg4w0Hg80oCqgQ==}
    engines: {node: '>=6.0'}
    peerDependencies:
      supports-color: '*'
    peerDependenciesMeta:
      supports-color:
        optional: true

  httpx@2.3.2:
    resolution: {integrity: sha512-ZG7QArW/BB/opy+XVp/zSJYdiPD9FTmPb3VfMnPdAknKFJq2OiIXS9D4oBeDJvWnZnJAzXDy9J/JKATXkJ7qlw==}

  ini@1.3.8:
    resolution: {integrity: sha512-JV/yugV2uzW5iMRSiZAyDtQd+nxtUnjeLt0acNdw98kKLrvuRVyB80tsREOE7yvGVgalhZ6RNXCmEHkUKBKxew==}

  int64-buffer@0.99.1007:
    resolution: {integrity: sha512-XDBEu44oSTqlvCSiOZ/0FoUkpWu/vwjJLGSKDabNISPQNZ5wub1FodGHBljRsrR0IXRPq7SslshZYMuA55CgTQ==}
    engines: {node: '>= 4.5.0'}

  json-bigint@0.2.3:
    resolution: {integrity: sha512-pG8elXWCTAIwH1W8FwjDbj2FBJSi2WE5PdV0dm+c+7LAmH6XL6fwDsdQGgAgOZljcF3Kj9Uzop2TfGfPDSOUqA==}

  kitx@1.3.0:
    resolution: {integrity: sha512-fhBqFlXd0GkKTB+8ayLfpzPUw+LHxZlPAukPNBD1Om7JMeInT+/PxCAf1yLagvD+VKoyWhXtJR68xQkX/a0wOQ==}

  kitx@2.1.0:
    resolution: {integrity: sha512-C/5v9MtIX7aHGOjwn5BmrrbNkJSf7i0R5mRzmh13GSAdRqQ7bYQo/Su2pTYNylFicqKNTVX3HML9k1u8k51+pQ==}

  mime@2.6.0:
    resolution: {integrity: sha512-USPkMeET31rOMiarsBNIHZKLGgvKc/LrjofAnBlOttf5ajRvqiRA8QsenbcooctK6d6Ts6aqZXBA+XbkKthiQg==}
    engines: {node: '>=4.0.0'}
    hasBin: true

  ms@2.1.3:
    resolution: {integrity: sha512-6FlzubTLZG3J2a/NVCAleEhjzq5oxgHyaCU9yYXvcLsvoVaHJq/s5xXI6/XXP6tz7R9xAOtHnSO/tXtF3WRTlA==}

  sax@1.4.1:
    resolution: {integrity: sha512-+aWOz7yVScEGoKNd4PA10LZ8sk0A/z5+nXQG5giUO5rprX9jgYsTdov9qCchZiPIZezbZH+jRut8nPodFAX4Jg==}

  sm3@1.0.3:
    resolution: {integrity: sha512-KyFkIfr8QBlFG3uc3NaljaXdYcsbRy1KrSfc4tsQV8jW68jAktGeOcifu530Vx/5LC+PULHT0Rv8LiI8Gw+c1g==}

  typescript@4.7.4:
    resolution: {integrity: sha512-C0WQT0gezHuw6AdY1M2jxUO83Rjf0HP7Sk1DtXj6j1EwkQNZrHAg2XPWlq62oqEhYvONq5pkC2Y9oPljWToLmQ==}
    engines: {node: '>=4.2.0'}
    hasBin: true

  undici-types@6.19.8:
    resolution: {integrity: sha512-ve2KP6f/JnbPBFyobGHuerC9g1FYGn/F8n1LWTwNxCEzd6IfqTwUQcNXgEtmmQ6DlRrC1hrSrBnCZPokRrDHjw==}

  uuid@3.4.0:
    resolution: {integrity: sha512-HjSDRw6gZE5JMggctHBcjVak08+KEVhSIiDzFnT9S9aegmp85S/bReBVTb4QTFaRNptJ9kuYaNhnbNEOkbKb/A==}
    deprecated: Please upgrade  to version 7 or higher.  Older versions may use Math.random() in certain circumstances, which is known to be problematic.  See https://v8.dev/blog/math-random for details.
    hasBin: true

  xml2js@0.4.23:
    resolution: {integrity: sha512-ySPiMjM0+pLDftHgXY4By0uswI3SPKLDw/i3UXbnO8M/p28zqexCUoPmQFrYD+/1BzhGJSs2i1ERWKJAtiLrug==}
    engines: {node: '>=4.0.0'}

  xml2js@0.6.2:
    resolution: {integrity: sha512-T4rieHaC1EXcES0Kxxj4JWgaUQHDk+qwHcYOCFHfiwKz7tOVPLq7Hjq9dM1WCMhylqMEfP7hMcOIChvotiZegA==}
    engines: {node: '>=4.0.0'}

  xmlbuilder@11.0.1:
    resolution: {integrity: sha512-fDlsI/kFEx7gLvbecc0/ohLG50fugQp8ryHzMTuW9vSa1GJ0XYWKnhsUx7oie3G98+r56aTQIUB4kht42R3JvA==}
    engines: {node: '>=4.0'}

snapshots:

  '@alicloud/alimt20181012@1.3.0':
    dependencies:
      '@alicloud/endpoint-util': 0.0.1
      '@alicloud/openapi-client': 0.4.12
      '@alicloud/openapi-util': 0.3.2
      '@alicloud/openplatform20191219': 2.0.0
      '@alicloud/oss-client': 1.1.3
      '@alicloud/oss-util': 0.0.1
      '@alicloud/tea-fileform': 1.2.0
      '@alicloud/tea-typescript': 1.8.0
      '@alicloud/tea-util': 1.4.9
    transitivePeerDependencies:
      - supports-color

  '@alicloud/credentials@1.1.0':
    dependencies:
      '@alicloud/sts-sdk': 1.0.2
      httpx: 2.3.2
      ini: 1.3.8
      json-bigint: 0.2.3
      kitx: 1.3.0
    transitivePeerDependencies:
      - supports-color

  '@alicloud/credentials@2.3.1':
    dependencies:
      '@alicloud/tea-typescript': 1.8.0
      httpx: 2.3.2
      ini: 1.3.8
      kitx: 2.1.0
    transitivePeerDependencies:
      - supports-color

  '@alicloud/endpoint-util@0.0.1':
    dependencies:
      '@alicloud/tea-typescript': 1.8.0
      kitx: 2.1.0
    transitivePeerDependencies:
      - supports-color

  '@alicloud/gateway-spi@0.0.8':
    dependencies:
      '@alicloud/credentials': 2.3.1
      '@alicloud/tea-typescript': 1.8.0
    transitivePeerDependencies:
      - supports-color

  '@alicloud/http-core-sdk@1.0.0':
    dependencies:
      httpx: 2.3.2
    transitivePeerDependencies:
      - supports-color

  '@alicloud/openapi-client@0.3.8':
    dependencies:
      '@alicloud/credentials': 2.3.1
      '@alicloud/openapi-util': 0.2.9
      '@alicloud/tea-typescript': 1.8.0
      '@alicloud/tea-util': 1.4.9
    transitivePeerDependencies:
      - supports-color

  '@alicloud/openapi-client@0.4.12':
    dependencies:
      '@alicloud/credentials': 2.3.1
      '@alicloud/gateway-spi': 0.0.8
      '@alicloud/openapi-util': 0.3.2
      '@alicloud/tea-typescript': 1.8.0
      '@alicloud/tea-util': 1.4.9
      '@alicloud/tea-xml': 0.0.3
    transitivePeerDependencies:
      - supports-color

  '@alicloud/openapi-util@0.2.9':
    dependencies:
      '@alicloud/tea-typescript': 1.8.0
      '@alicloud/tea-util': 1.4.9
      kitx: 2.1.0
      sm3: 1.0.3
    transitivePeerDependencies:
      - supports-color

  '@alicloud/openapi-util@0.3.2':
    dependencies:
      '@alicloud/tea-typescript': 1.8.0
      '@alicloud/tea-util': 1.4.9
      kitx: 2.1.0
      sm3: 1.0.3
    transitivePeerDependencies:
      - supports-color

  '@alicloud/openplatform20191219@2.0.0':
    dependencies:
      '@alicloud/endpoint-util': 0.0.1
      '@alicloud/openapi-client': 0.4.12
      '@alicloud/openapi-util': 0.2.9
      '@alicloud/tea-typescript': 1.8.0
      '@alicloud/tea-util': 1.4.9
    transitivePeerDependencies:
      - supports-color

  '@alicloud/oss-baseclient@1.2.0':
    dependencies:
      '@alicloud/credentials': 1.1.0
      '@alicloud/tea-typescript': 1.8.0
      '@types/mime': 2.0.3
      '@types/xml2js': 0.4.14
      int64-buffer: 0.99.1007
      kitx: 2.1.0
      mime: 2.6.0
      xml2js: 0.4.23
    transitivePeerDependencies:
      - supports-color

  '@alicloud/oss-client@1.1.3':
    dependencies:
      '@alicloud/credentials': 2.3.1
      '@alicloud/oss-baseclient': 1.2.0
      '@alicloud/oss-util': 0.0.3
      '@alicloud/rpc-util': 0.0.1
      '@alicloud/tea-fileform': 1.2.0
      '@alicloud/tea-typescript': 1.8.0
      '@alicloud/tea-util': 1.4.9
      '@alicloud/tea-xml': 0.0.1
    transitivePeerDependencies:
      - supports-color

  '@alicloud/oss-util@0.0.1':
    dependencies:
      '@alicloud/tea-typescript': 1.8.0
      '@types/mime': 2.0.3
      '@types/xml2js': 0.4.14
      int64-buffer: 0.99.1007
      kitx: 2.1.0
      mime: 2.6.0
      xml2js: 0.4.23
    transitivePeerDependencies:
      - supports-color

  '@alicloud/oss-util@0.0.3':
    dependencies:
      '@alicloud/tea-typescript': 1.8.0
      '@types/mime': 2.0.3
      '@types/xml2js': 0.4.14
      int64-buffer: 0.99.1007
      kitx: 2.1.0
      mime: 2.6.0
      xml2js: 0.4.23
    transitivePeerDependencies:
      - supports-color

  '@alicloud/rpc-util@0.0.1':
    dependencies:
      '@alicloud/tea-typescript': 1.8.0
      '@types/xml2js': 0.4.14
      kitx: 2.1.0
      xml2js: 0.4.23
    transitivePeerDependencies:
      - supports-color

  '@alicloud/sts-sdk@1.0.2':
    dependencies:
      '@alicloud/http-core-sdk': 1.0.0
      uuid: 3.4.0
    transitivePeerDependencies:
      - supports-color

  '@alicloud/tea-fileform@1.2.0':
    dependencies:
      '@alicloud/tea-typescript': 1.8.0
    transitivePeerDependencies:
      - supports-color

  '@alicloud/tea-typescript@1.8.0':
    dependencies:
      '@types/node': 12.20.55
      httpx: 2.3.2
    transitivePeerDependencies:
      - supports-color

  '@alicloud/tea-util@1.4.9':
    dependencies:
      '@alicloud/tea-typescript': 1.8.0
      kitx: 2.1.0
    transitivePeerDependencies:
      - supports-color

  '@alicloud/tea-xml@0.0.1':
    dependencies:
      '@alicloud/tea-typescript': 1.8.0
      '@types/xml2js': 0.4.14
      xml2js: 0.4.23
    transitivePeerDependencies:
      - supports-color

  '@alicloud/tea-xml@0.0.3':
    dependencies:
      '@alicloud/tea-typescript': 1.8.0
      '@types/xml2js': 0.4.14
      xml2js: 0.6.2
    transitivePeerDependencies:
      - supports-color

  '@types/mime@2.0.3': {}

  '@types/node@12.20.55': {}

  '@types/node@20.16.10':
    dependencies:
      undici-types: 6.19.8

  '@types/node@22.7.4':
    dependencies:
      undici-types: 6.19.8

  '@types/xml2js@0.4.14':
    dependencies:
      '@types/node': 22.7.4

  bignumber.js@4.1.0: {}

  debug@4.3.7:
    dependencies:
      ms: 2.1.3

  httpx@2.3.2:
    dependencies:
      '@types/node': 20.16.10
      debug: 4.3.7
    transitivePeerDependencies:
      - supports-color

  ini@1.3.8: {}

  int64-buffer@0.99.1007: {}

  json-bigint@0.2.3:
    dependencies:
      bignumber.js: 4.1.0

  kitx@1.3.0: {}

  kitx@2.1.0:
    dependencies:
      '@types/node': 12.20.55

  mime@2.6.0: {}

  ms@2.1.3: {}

  sax@1.4.1: {}

  sm3@1.0.3: {}

  typescript@4.7.4: {}

  undici-types@6.19.8: {}

  uuid@3.4.0: {}

  xml2js@0.4.23:
    dependencies:
      sax: 1.4.1
      xmlbuilder: 11.0.1

  xml2js@0.6.2:
    dependencies:
      sax: 1.4.1
      xmlbuilder: 11.0.1

  xmlbuilder@11.0.1: {}
